# This file is automatically generated by Poetry to pin exact dependency versions.
package = [
    {name = "flask", version = "3.0.2"},
    {name = "sqlalchemy", version = "2.0.27"},
    {name = "pyjwt", version = "2.8.0"},
    {name = "reportlab", version = "4.1.0"},
    {name = "cryptography", version = "42.0.5"},
    {name = "pytest", version = "8.0.2"}
]
[metadata]
lock-version = "2.0"
python-versions = "^3.10"
